// !$*UTF8*$!
{
	archiveVersion = 1;
	classes = {
	};
	objectVersion = 56;
	objects = {

/* Begin PBXBuildFile section */
		A0A7F7182B56EBA50023CD70 /* Weather_AppApp.swift in Sources */ = {isa = PBXBuildFile; fileRef = A0A7F7172B56EBA50023CD70 /* Weather_AppApp.swift */; };
		A0A7F71A2B56EBA50023CD70 /* ContentView.swift in Sources */ = {isa = PBXBuildFile; fileRef = A0A7F7192B56EBA50023CD70 /* ContentView.swift */; };
		A0A7F71C2B56EBA60023CD70 /* Assets.xcassets in Resources */ = {isa = PBXBuildFile; fileRef = A0A7F71B2B56EBA60023CD70 /* Assets.xcassets */; };
		A0A7F71F2B56EBA60023CD70 /* Preview Assets.xcassets in Resources */ = {isa = PBXBuildFile; fileRef = A0A7F71E2B56EBA60023CD70 /* Preview Assets.xcassets */; };
		A0A7F7262B56F7020023CD70 /* Principal.swift in Sources */ = {isa = PBXBuildFile; fileRef = A0A7F7252B56F7020023CD70 /* Principal.swift */; };
		A0A7F7282B5702570023CD70 /* Clima.swift in Sources */ = {isa = PBXBuildFile; fileRef = A0A7F7272B5702570023CD70 /* Clima.swift */; };
		A0A7F72A2B5702690023CD70 /* Perfil.swift in Sources */ = {isa = PBXBuildFile; fileRef = A0A7F7292B5702690023CD70 /* Perfil.swift */; };
		A0A7F72D2B571B0B0023CD70 /* APIRequest.swift in Sources */ = {isa = PBXBuildFile; fileRef = A0A7F72C2B571B0B0023CD70 /* APIRequest.swift */; };
		A0A7F72F2B571E0B0023CD70 /* ModeloDatos.swift in Sources */ = {isa = PBXBuildFile; fileRef = A0A7F72E2B571E0B0023CD70 /* ModeloDatos.swift */; };
		A0A7F73E2B5795930023CD70 /* SwiftUIRefresh in Frameworks */ = {isa = PBXBuildFile; productRef = A0A7F73D2B5795930023CD70 /* SwiftUIRefresh */; };
		A0A7F7402B5795B30023CD70 /* Scroll.swift in Sources */ = {isa = PBXBuildFile; fileRef = A0A7F73F2B5795B30023CD70 /* Scroll.swift */; };
		A0A7F7422B579FCE0023CD70 /* SeleccionImagen.swift in Sources */ = {isa = PBXBuildFile; fileRef = A0A7F7412B579FCE0023CD70 /* SeleccionImagen.swift */; };
		A0A7F7442B57A0430023CD70 /* prueba.swift in Sources */ = {isa = PBXBuildFile; fileRef = A0A7F7432B57A0430023CD70 /* prueba.swift */; };
/* End PBXBuildFile section */

/* Begin PBXFileReference section */
		A0A7F7142B56EBA50023CD70 /* Weather App.app */ = {isa = PBXFileReference; explicitFileType = wrapper.application; includeInIndex = 0; path = "Weather App.app"; sourceTree = BUILT_PRODUCTS_DIR; };
		A0A7F7172B56EBA50023CD70 /* Weather_AppApp.swift */ = {isa = PBXFileReference; lastKnownFileType = sourcecode.swift; path = Weather_AppApp.swift; sourceTree = "<group>"; };
		A0A7F7192B56EBA50023CD70 /* ContentView.swift */ = {isa = PBXFileReference; lastKnownFileType = sourcecode.swift; path = ContentView.swift; sourceTree = "<group>"; };
		A0A7F71B2B56EBA60023CD70 /* Assets.xcassets */ = {isa = PBXFileReference; lastKnownFileType = folder.assetcatalog; path = Assets.xcassets; sourceTree = "<group>"; };
		A0A7F71E2B56EBA60023CD70 /* Preview Assets.xcassets */ = {isa = PBXFileReference; lastKnownFileType = folder.assetcatalog; path = "Preview Assets.xcassets"; sourceTree = "<group>"; };
		A0A7F7252B56F7020023CD70 /* Principal.swift */ = {isa = PBXFileReference; lastKnownFileType = sourcecode.swift; path = Principal.swift; sourceTree = "<group>"; };
		A0A7F7272B5702570023CD70 /* Clima.swift */ = {isa = PBXFileReference; lastKnownFileType = sourcecode.swift; path = Clima.swift; sourceTree = "<group>"; };
		A0A7F7292B5702690023CD70 /* Perfil.swift */ = {isa = PBXFileReference; lastKnownFileType = sourcecode.swift; path = Perfil.swift; sourceTree = "<group>"; };
		A0A7F72C2B571B0B0023CD70 /* APIRequest.swift */ = {isa = PBXFileReference; lastKnownFileType = sourcecode.swift; path = APIRequest.swift; sourceTree = "<group>"; };
		A0A7F72E2B571E0B0023CD70 /* ModeloDatos.swift */ = {isa = PBXFileReference; lastKnownFileType = sourcecode.swift; path = ModeloDatos.swift; sourceTree = "<group>"; };
		A0A7F73F2B5795B30023CD70 /* Scroll.swift */ = {isa = PBXFileReference; lastKnownFileType = sourcecode.swift; path = Scroll.swift; sourceTree = "<group>"; };
		A0A7F7412B579FCE0023CD70 /* SeleccionImagen.swift */ = {isa = PBXFileReference; lastKnownFileType = sourcecode.swift; path = SeleccionImagen.swift; sourceTree = "<group>"; };
		A0A7F7432B57A0430023CD70 /* prueba.swift */ = {isa = PBXFileReference; lastKnownFileType = sourcecode.swift; path = prueba.swift; sourceTree = "<group>"; };
/* End PBXFileReference section */

/* Begin PBXFrameworksBuildPhase section */
		A0A7F7112B56EBA50023CD70 /* Frameworks */ = {
			isa = PBXFrameworksBuildPhase;
			buildActionMask = 2147483647;
			files = (
				A0A7F73E2B5795930023CD70 /* SwiftUIRefresh in Frameworks */,
			);
			runOnlyForDeploymentPostprocessing = 0;
		};
/* End PBXFrameworksBuildPhase section */

/* Begin PBXGroup section */
		A0A7F70B2B56EBA50023CD70 = {
			isa = PBXGroup;
			children = (
				A0A7F7162B56EBA50023CD70 /* Weather App */,
				A0A7F7152B56EBA50023CD70 /* Products */,
			);
			sourceTree = "<group>";
		};
		A0A7F7152B56EBA50023CD70 /* Products */ = {
			isa = PBXGroup;
			children = (
				A0A7F7142B56EBA50023CD70 /* Weather App.app */,
			);
			name = Products;
			sourceTree = "<group>";
		};
		A0A7F7162B56EBA50023CD70 /* Weather App */ = {
			isa = PBXGroup;
			children = (
				A0A7F7172B56EBA50023CD70 /* Weather_AppApp.swift */,
				A0A7F7372B5729D20023CD70 /* Views */,
				A0A7F7362B5729C30023CD70 /* ViewModel */,
				A0A7F72B2B571AED0023CD70 /* Model */,
				A0A7F71B2B56EBA60023CD70 /* Assets.xcassets */,
				A0A7F71D2B56EBA60023CD70 /* Preview Content */,
			);
			path = "Weather App";
			sourceTree = "<group>";
		};
		A0A7F71D2B56EBA60023CD70 /* Preview Content */ = {
			isa = PBXGroup;
			children = (
				A0A7F71E2B56EBA60023CD70 /* Preview Assets.xcassets */,
			);
			path = "Preview Content";
			sourceTree = "<group>";
		};
		A0A7F72B2B571AED0023CD70 /* Model */ = {
			isa = PBXGroup;
			children = (
				A0A7F72E2B571E0B0023CD70 /* ModeloDatos.swift */,
			);
			path = Model;
			sourceTree = "<group>";
		};
		A0A7F7362B5729C30023CD70 /* ViewModel */ = {
			isa = PBXGroup;
			children = (
				A0A7F72C2B571B0B0023CD70 /* APIRequest.swift */,
				A0A7F7412B579FCE0023CD70 /* SeleccionImagen.swift */,
			);
			path = ViewModel;
			sourceTree = "<group>";
		};
		A0A7F7372B5729D20023CD70 /* Views */ = {
			isa = PBXGroup;
			children = (
				A0A7F7192B56EBA50023CD70 /* ContentView.swift */,
				A0A7F7252B56F7020023CD70 /* Principal.swift */,
				A0A7F73F2B5795B30023CD70 /* Scroll.swift */,
				A0A7F7292B5702690023CD70 /* Perfil.swift */,
				A0A7F7272B5702570023CD70 /* Clima.swift */,
				A0A7F7432B57A0430023CD70 /* prueba.swift */,
			);
			path = Views;
			sourceTree = "<group>";
		};
/* End PBXGroup section */

/* Begin PBXNativeTarget section */
		A0A7F7132B56EBA50023CD70 /* Weather App */ = {
			isa = PBXNativeTarget;
			buildConfigurationList = A0A7F7222B56EBA60023CD70 /* Build configuration list for PBXNativeTarget "Weather App" */;
			buildPhases = (
				A0A7F7102B56EBA50023CD70 /* Sources */,
				A0A7F7112B56EBA50023CD70 /* Frameworks */,
				A0A7F7122B56EBA50023CD70 /* Resources */,
			);
			buildRules = (
			);
			dependencies = (
			);
			name = "Weather App";
			packageProductDependencies = (
				A0A7F73D2B5795930023CD70 /* SwiftUIRefresh */,
			);
			productName = "Weather App";
			productReference = A0A7F7142B56EBA50023CD70 /* Weather App.app */;
			productType = "com.apple.product-type.application";
		};
/* End PBXNativeTarget section */

/* Begin PBXProject section */
		A0A7F70C2B56EBA50023CD70 /* Project object */ = {
			isa = PBXProject;
			attributes = {
				BuildIndependentTargetsInParallel = 1;
				LastSwiftUpdateCheck = 1420;
				LastUpgradeCheck = 1420;
				TargetAttributes = {
					A0A7F7132B56EBA50023CD70 = {
						CreatedOnToolsVersion = 14.2;
					};
				};
			};
			buildConfigurationList = A0A7F70F2B56EBA50023CD70 /* Build configuration list for PBXProject "Weather App" */;
			compatibilityVersion = "Xcode 14.0";
			developmentRegion = en;
			hasScannedForEncodings = 0;
			knownRegions = (
				en,
				Base,
			);
			mainGroup = A0A7F70B2B56EBA50023CD70;
			packageReferences = (
				A0A7F73C2B5795930023CD70 /* XCRemoteSwiftPackageReference "SwiftUIRefresh" */,
			);
			productRefGroup = A0A7F7152B56EBA50023CD70 /* Products */;
			projectDirPath = "";
			projectRoot = "";
			targets = (
				A0A7F7132B56EBA50023CD70 /* Weather App */,
			);
		};
/* End PBXProject section */

/* Begin PBXResourcesBuildPhase section */
		A0A7F7122B56EBA50023CD70 /* Resources */ = {
			isa = PBXResourcesBuildPhase;
			buildActionMask = 2147483647;
			files = (
				A0A7F71F2B56EBA60023CD70 /* Preview Assets.xcassets in Resources */,
				A0A7F71C2B56EBA60023CD70 /* Assets.xcassets in Resources */,
			);
			runOnlyForDeploymentPostprocessing = 0;
		};
/* End PBXResourcesBuildPhase section */

/* Begin PBXSourcesBuildPhase section */
		A0A7F7102B56EBA50023CD70 /* Sources */ = {
			isa = PBXSourcesBuildPhase;
			buildActionMask = 2147483647;
			files = (
				A0A7F72A2B5702690023CD70 /* Perfil.swift in Sources */,
				A0A7F7422B579FCE0023CD70 /* SeleccionImagen.swift in Sources */,
				A0A7F7282B5702570023CD70 /* Clima.swift in Sources */,
				A0A7F71A2B56EBA50023CD70 /* ContentView.swift in Sources */,
				A0A7F7262B56F7020023CD70 /* Principal.swift in Sources */,
				A0A7F72F2B571E0B0023CD70 /* ModeloDatos.swift in Sources */,
				A0A7F7442B57A0430023CD70 /* prueba.swift in Sources */,
				A0A7F72D2B571B0B0023CD70 /* APIRequest.swift in Sources */,
				A0A7F7402B5795B30023CD70 /* Scroll.swift in Sources */,
				A0A7F7182B56EBA50023CD70 /* Weather_AppApp.swift in Sources */,
			);
			runOnlyForDeploymentPostprocessing = 0;
		};
/* End PBXSourcesBuildPhase section */

/* Begin XCBuildConfiguration section */
		A0A7F7202B56EBA60023CD70 /* Debug */ = {
			isa = XCBuildConfiguration;
			buildSettings = {
				ALWAYS_SEARCH_USER_PATHS = NO;
				CLANG_ANALYZER_NONNULL = YES;
				CLANG_ANALYZER_NUMBER_OBJECT_CONVERSION = YES_AGGRESSIVE;
				CLANG_CXX_LANGUAGE_STANDARD = "gnu++20";
				CLANG_ENABLE_MODULES = YES;
				CLANG_ENABLE_OBJC_ARC = YES;
				CLANG_ENABLE_OBJC_WEAK = YES;
				CLANG_WARN_BLOCK_CAPTURE_AUTORELEASING = YES;
				CLANG_WARN_BOOL_CONVERSION = YES;
				CLANG_WARN_COMMA = YES;
				CLANG_WARN_CONSTANT_CONVERSION = YES;
				CLANG_WARN_DEPRECATED_OBJC_IMPLEMENTATIONS = YES;
				CLANG_WARN_DIRECT_OBJC_ISA_USAGE = YES_ERROR;
				CLANG_WARN_DOCUMENTATION_COMMENTS = YES;
				CLANG_WARN_EMPTY_BODY = YES;
				CLANG_WARN_ENUM_CONVERSION = YES;
				CLANG_WARN_INFINITE_RECURSION = YES;
				CLANG_WARN_INT_CONVERSION = YES;
				CLANG_WARN_NON_LITERAL_NULL_CONVERSION = YES;
				CLANG_WARN_OBJC_IMPLICIT_RETAIN_SELF = YES;
				CLANG_WARN_OBJC_LITERAL_CONVERSION = YES;
				CLANG_WARN_OBJC_ROOT_CLASS = YES_ERROR;
				CLANG_WARN_QUOTED_INCLUDE_IN_FRAMEWORK_HEADER = YES;
				CLANG_WARN_RANGE_LOOP_ANALYSIS = YES;
				CLANG_WARN_STRICT_PROTOTYPES = YES;
				CLANG_WARN_SUSPICIOUS_MOVE = YES;
				CLANG_WARN_UNGUARDED_AVAILABILITY = YES_AGGRESSIVE;
				CLANG_WARN_UNREACHABLE_CODE = YES;
				CLANG_WARN__DUPLICATE_METHOD_MATCH = YES;
				COPY_PHASE_STRIP = NO;
				DEBUG_INFORMATION_FORMAT = dwarf;
				ENABLE_STRICT_OBJC_MSGSEND = YES;
				ENABLE_TESTABILITY = YES;
				GCC_C_LANGUAGE_STANDARD = gnu11;
				GCC_DYNAMIC_NO_PIC = NO;
				GCC_NO_COMMON_BLOCKS = YES;
				GCC_OPTIMIZATION_LEVEL = 0;
				GCC_PREPROCESSOR_DEFINITIONS = (
					"DEBUG=1",
					"$(inherited)",
				);
				GCC_WARN_64_TO_32_BIT_CONVERSION = YES;
				GCC_WARN_ABOUT_RETURN_TYPE = YES_ERROR;
				GCC_WARN_UNDECLARED_SELECTOR = YES;
				GCC_WARN_UNINITIALIZED_AUTOS = YES_AGGRESSIVE;
				GCC_WARN_UNUSED_FUNCTION = YES;
				GCC_WARN_UNUSED_VARIABLE = YES;
				IPHONEOS_DEPLOYMENT_TARGET = 16.2;
				MTL_ENABLE_DEBUG_INFO = INCLUDE_SOURCE;
				MTL_FAST_MATH = YES;
				ONLY_ACTIVE_ARCH = YES;
				SDKROOT = iphoneos;
				SWIFT_ACTIVE_COMPILATION_CONDITIONS = DEBUG;
				SWIFT_OPTIMIZATION_LEVEL = "-Onone";
			};
			name = Debug;
		};
		A0A7F7212B56EBA60023CD70 /* Release */ = {
			isa = XCBuildConfiguration;
			buildSettings = {
				ALWAYS_SEARCH_USER_PATHS = NO;
				CLANG_ANALYZER_NONNULL = YES;
				CLANG_ANALYZER_NUMBER_OBJECT_CONVERSION = YES_AGGRESSIVE;
				CLANG_CXX_LANGUAGE_STANDARD = "gnu++20";
				CLANG_ENABLE_MODULES = YES;
				CLANG_ENABLE_OBJC_ARC = YES;
				CLANG_ENABLE_OBJC_WEAK = YES;
				CLANG_WARN_BLOCK_CAPTURE_AUTORELEASING = YES;
				CLANG_WARN_BOOL_CONVERSION = YES;
				CLANG_WARN_COMMA = YES;
				CLANG_WARN_CONSTANT_CONVERSION = YES;
				CLANG_WARN_DEPRECATED_OBJC_IMPLEMENTATIONS = YES;
				CLANG_WARN_DIRECT_OBJC_ISA_USAGE = YES_ERROR;
				CLANG_WARN_DOCUMENTATION_COMMENTS = YES;
				CLANG_WARN_EMPTY_BODY = YES;
				CLANG_WARN_ENUM_CONVERSION = YES;
				CLANG_WARN_INFINITE_RECURSION = YES;
				CLANG_WARN_INT_CONVERSION = YES;
				CLANG_WARN_NON_LITERAL_NULL_CONVERSION = YES;
				CLANG_WARN_OBJC_IMPLICIT_RETAIN_SELF = YES;
				CLANG_WARN_OBJC_LITERAL_CONVERSION = YES;
				CLANG_WARN_OBJC_ROOT_CLASS = YES_ERROR;
				CLANG_WARN_QUOTED_INCLUDE_IN_FRAMEWORK_HEADER = YES;
				CLANG_WARN_RANGE_LOOP_ANALYSIS = YES;
				CLANG_WARN_STRICT_PROTOTYPES = YES;
				CLANG_WARN_SUSPICIOUS_MOVE = YES;
				CLANG_WARN_UNGUARDED_AVAILABILITY = YES_AGGRESSIVE;
				CLANG_WARN_UNREACHABLE_CODE = YES;
				CLANG_WARN__DUPLICATE_METHOD_MATCH = YES;
				COPY_PHASE_STRIP = NO;
				DEBUG_INFORMATION_FORMAT = "dwarf-with-dsym";
				ENABLE_NS_ASSERTIONS = NO;
				ENABLE_STRICT_OBJC_MSGSEND = YES;
				GCC_C_LANGUAGE_STANDARD = gnu11;
				GCC_NO_COMMON_BLOCKS = YES;
				GCC_WARN_64_TO_32_BIT_CONVERSION = YES;
				GCC_WARN_ABOUT_RETURN_TYPE = YES_ERROR;
				GCC_WARN_UNDECLARED_SELECTOR = YES;
				GCC_WARN_UNINITIALIZED_AUTOS = YES_AGGRESSIVE;
				GCC_WARN_UNUSED_FUNCTION = YES;
				GCC_WARN_UNUSED_VARIABLE = YES;
				IPHONEOS_DEPLOYMENT_TARGET = 16.2;
				MTL_ENABLE_DEBUG_INFO = NO;
				MTL_FAST_MATH = YES;
				SDKROOT = iphoneos;
				SWIFT_COMPILATION_MODE = wholemodule;
				SWIFT_OPTIMIZATION_LEVEL = "-O";
				VALIDATE_PRODUCT = YES;
			};
			name = Release;
		};
		A0A7F7232B56EBA60023CD70 /* Debug */ = {
			isa = XCBuildConfiguration;
			buildSettings = {
				ASSETCATALOG_COMPILER_APPICON_NAME = AppIcon;
				ASSETCATALOG_COMPILER_GLOBAL_ACCENT_COLOR_NAME = AccentColor;
				CODE_SIGN_STYLE = Automatic;
				CURRENT_PROJECT_VERSION = 1;
				DEVELOPMENT_ASSET_PATHS = "\"Weather App/Preview Content\"";
				DEVELOPMENT_TEAM = D3N4CWF59S;
				ENABLE_PREVIEWS = YES;
				GENERATE_INFOPLIST_FILE = YES;
				INFOPLIST_KEY_NSLocationWhenInUseUsageDescription = "Weather App necesita tu ubicacion para mostrarte con precision el clima donde te encuntres";
				INFOPLIST_KEY_UIApplicationSceneManifest_Generation = YES;
				INFOPLIST_KEY_UIApplicationSupportsIndirectInputEvents = YES;
				INFOPLIST_KEY_UILaunchScreen_Generation = YES;
				INFOPLIST_KEY_UISupportedInterfaceOrientations_iPad = "UIInterfaceOrientationPortrait UIInterfaceOrientationPortraitUpsideDown UIInterfaceOrientationLandscapeLeft UIInterfaceOrientationLandscapeRight";
				INFOPLIST_KEY_UISupportedInterfaceOrientations_iPhone = "UIInterfaceOrientationPortrait UIInterfaceOrientationLandscapeLeft UIInterfaceOrientationLandscapeRight";
				LD_RUNPATH_SEARCH_PATHS = (
					"$(inherited)",
					"@executable_path/Frameworks",
				);
				MARKETING_VERSION = 1.0;
				PRODUCT_BUNDLE_IDENTIFIER = "aldrich.Weather-App";
				PRODUCT_NAME = "$(TARGET_NAME)";
				SWIFT_EMIT_LOC_STRINGS = YES;
				SWIFT_VERSION = 5.0;
				TARGETED_DEVICE_FAMILY = "1,2";
			};
			name = Debug;
		};
		A0A7F7242B56EBA60023CD70 /* Release */ = {
			isa = XCBuildConfiguration;
			buildSettings = {
				ASSETCATALOG_COMPILER_APPICON_NAME = AppIcon;
				ASSETCATALOG_COMPILER_GLOBAL_ACCENT_COLOR_NAME = AccentColor;
				CODE_SIGN_STYLE = Automatic;
				CURRENT_PROJECT_VERSION = 1;
				DEVELOPMENT_ASSET_PATHS = "\"Weather App/Preview Content\"";
				DEVELOPMENT_TEAM = D3N4CWF59S;
				ENABLE_PREVIEWS = YES;
				GENERATE_INFOPLIST_FILE = YES;
				INFOPLIST_KEY_NSLocationWhenInUseUsageDescription = "Weather App necesita tu ubicacion para mostrarte con precision el clima donde te encuntres";
				INFOPLIST_KEY_UIApplicationSceneManifest_Generation = YES;
				INFOPLIST_KEY_UIApplicationSupportsIndirectInputEvents = YES;
				INFOPLIST_KEY_UILaunchScreen_Generation = YES;
				INFOPLIST_KEY_UISupportedInterfaceOrientations_iPad = "UIInterfaceOrientationPortrait UIInterfaceOrientationPortraitUpsideDown UIInterfaceOrientationLandscapeLeft UIInterfaceOrientationLandscapeRight";
				INFOPLIST_KEY_UISupportedInterfaceOrientations_iPhone = "UIInterfaceOrientationPortrait UIInterfaceOrientationLandscapeLeft UIInterfaceOrientationLandscapeRight";
				LD_RUNPATH_SEARCH_PATHS = (
					"$(inherited)",
					"@executable_path/Frameworks",
				);
				MARKETING_VERSION = 1.0;
				PRODUCT_BUNDLE_IDENTIFIER = "aldrich.Weather-App";
				PRODUCT_NAME = "$(TARGET_NAME)";
				SWIFT_EMIT_LOC_STRINGS = YES;
				SWIFT_VERSION = 5.0;
				TARGETED_DEVICE_FAMILY = "1,2";
			};
			name = Release;
		};
/* End XCBuildConfiguration section */

/* Begin XCConfigurationList section */
		A0A7F70F2B56EBA50023CD70 /* Build configuration list for PBXProject "Weather App" */ = {
			isa = XCConfigurationList;
			buildConfigurations = (
				A0A7F7202B56EBA60023CD70 /* Debug */,
				A0A7F7212B56EBA60023CD70 /* Release */,
			);
			defaultConfigurationIsVisible = 0;
			defaultConfigurationName = Release;
		};
		A0A7F7222B56EBA60023CD70 /* Build configuration list for PBXNativeTarget "Weather App" */ = {
			isa = XCConfigurationList;
			buildConfigurations = (
				A0A7F7232B56EBA60023CD70 /* Debug */,
				A0A7F7242B56EBA60023CD70 /* Release */,
			);
			defaultConfigurationIsVisible = 0;
			defaultConfigurationName = Release;
		};
/* End XCConfigurationList section */

/* Begin XCRemoteSwiftPackageReference section */
		A0A7F73C2B5795930023CD70 /* XCRemoteSwiftPackageReference "SwiftUIRefresh" */ = {
			isa = XCRemoteSwiftPackageReference;
			repositoryURL = "https://github.com/timbersoftware/SwiftUIRefresh.git";
			requirement = {
				kind = upToNextMajorVersion;
				minimumVersion = 0.0.3;
			};
		};
/* End XCRemoteSwiftPackageReference section */

/* Begin XCSwiftPackageProductDependency section */
		A0A7F73D2B5795930023CD70 /* SwiftUIRefresh */ = {
			isa = XCSwiftPackageProductDependency;
			package = A0A7F73C2B5795930023CD70 /* XCRemoteSwiftPackageReference "SwiftUIRefresh" */;
			productName = SwiftUIRefresh;
		};
/* End XCSwiftPackageProductDependency section */
	};
	rootObject = A0A7F70C2B56EBA50023CD70 /* Project object */;
}
